
Microsoft Visual Studio Solution File, Format Version 12.00
# Visual Studio Version 16
VisualStudioVersion = 16.0.31727.386
MinimumVisualStudioVersion = 10.0.40219.1
Project("{FAE04EC0-301F-11D3-BF4B-00C04F79EFBC}") = "Supleantu_SaraMaria_Lab5", "Supleantu_SaraMaria_Lab5.csproj", "{EA0534D0-689F-4BD0-9F08-A10A8E6672F3}"
EndProject
Global
	GlobalSection(SolutionConfigurationPlatforms) = preSolution
		Debug|Any CPU = Debug|Any CPU
		Release|Any CPU = Release|Any CPU
	EndGlobalSection
	GlobalSection(ProjectConfigurationPlatforms) = postSolution
		{EA0534D0-689F-4BD0-9F08-A10A8E6672F3}.Debug|Any CPU.ActiveCfg = Debug|Any CPU
		{EA0534D0-689F-4BD0-9F08-A10A8E6672F3}.Debug|Any CPU.Build.0 = Debug|Any CPU
		{EA0534D0-689F-4BD0-9F08-A10A8E6672F3}.Release|Any CPU.ActiveCfg = Release|Any CPU
		{EA0534D0-689F-4BD0-9F08-A10A8E6672F3}.Release|Any CPU.Build.0 = Release|Any CPU
	EndGlobalSection
	GlobalSection(SolutionProperties) = preSolution
		HideSolutionNode = FALSE
	EndGlobalSection
	GlobalSection(ExtensibilityGlobals) = postSolution
		SolutionGuid = {631ACB83-3850-44B2-9755-6D448482CF66}
	EndGlobalSection
EndGlobal
